
Microsoft Visual Studio Solution File, Format Version 12.00
# Visual Studio Version 17
VisualStudioVersion = 17.4.32804.182
MinimumVisualStudioVersion = 10.0.40219.1
Project("{8BC9CEB8-8B4A-11D0-8D11-00A0C91BC942}") = "Class cmp struct", "Class cmp struct\Class cmp struct.vcxproj", "{764EA734-4260-4682-AFBC-D474463CD469}"
EndProject
Project("{8BC9CEB8-8B4A-11D0-8D11-00A0C91BC942}") = "Set", "Set\Set.vcxproj", "{126BD8A6-3189-4ADE-9E7D-0FD2CD962438}"
EndProject
Project("{8BC9CEB8-8B4A-11D0-8D11-00A0C91BC942}") = "Concept-model", "Concept-model\Concept-model.vcxproj", "{13314603-AF9C-4864-B35D-8BB8AFC360C3}"
EndProject
Project("{8BC9CEB8-8B4A-11D0-8D11-00A0C91BC942}") = "CRTP", "CRTP\CRTP.vcxproj", "{F7A4CE9B-53A3-4423-B8A0-2764E6914EDB}"
EndProject
Project("{9A19103F-16F7-4668-BE54-9A1E7A4F7556}") = "reflection", "reflection\reflection.csproj", "{DBFC42CB-337C-4213-9800-72236E89A63F}"
EndProject
Project("{8BC9CEB8-8B4A-11D0-8D11-00A0C91BC942}") = "8true", "8true\8true.vcxproj", "{7E307023-4550-4B0F-A9AF-6F5021F80A9F}"
EndProject
Project("{9A19103F-16F7-4668-BE54-9A1E7A4F7556}") = "octree", "octree\octree.csproj", "{25BE34D2-3DAC-45DC-A9CE-9B90E587B5AF}"
EndProject
Project("{8BC9CEB8-8B4A-11D0-8D11-00A0C91BC942}") = "BinaryTree", "BinaryTree\BinaryTree.vcxproj", "{1328FC40-73E3-467C-AA7B-D0FD33323961}"
EndProject
Global
	GlobalSection(SolutionConfigurationPlatforms) = preSolution
		Debug|Any CPU = Debug|Any CPU
		Debug|x64 = Debug|x64
		Debug|x86 = Debug|x86
		Release|Any CPU = Release|Any CPU
		Release|x64 = Release|x64
		Release|x86 = Release|x86
	EndGlobalSection
	GlobalSection(ProjectConfigurationPlatforms) = postSolution
		{764EA734-4260-4682-AFBC-D474463CD469}.Debug|Any CPU.ActiveCfg = Debug|x64
		{764EA734-4260-4682-AFBC-D474463CD469}.Debug|Any CPU.Build.0 = Debug|x64
		{764EA734-4260-4682-AFBC-D474463CD469}.Debug|x64.ActiveCfg = Debug|x64
		{764EA734-4260-4682-AFBC-D474463CD469}.Debug|x64.Build.0 = Debug|x64
		{764EA734-4260-4682-AFBC-D474463CD469}.Debug|x86.ActiveCfg = Debug|Win32
		{764EA734-4260-4682-AFBC-D474463CD469}.Debug|x86.Build.0 = Debug|Win32
		{764EA734-4260-4682-AFBC-D474463CD469}.Release|Any CPU.ActiveCfg = Release|x64
		{764EA734-4260-4682-AFBC-D474463CD469}.Release|Any CPU.Build.0 = Release|x64
		{764EA734-4260-4682-AFBC-D474463CD469}.Release|x64.ActiveCfg = Release|x64
		{764EA734-4260-4682-AFBC-D474463CD469}.Release|x64.Build.0 = Release|x64
		{764EA734-4260-4682-AFBC-D474463CD469}.Release|x86.ActiveCfg = Release|Win32
		{764EA734-4260-4682-AFBC-D474463CD469}.Release|x86.Build.0 = Release|Win32
		{126BD8A6-3189-4ADE-9E7D-0FD2CD962438}.Debug|Any CPU.ActiveCfg = Debug|x64
		{126BD8A6-3189-4ADE-9E7D-0FD2CD962438}.Debug|Any CPU.Build.0 = Debug|x64
		{126BD8A6-3189-4ADE-9E7D-0FD2CD962438}.Debug|x64.ActiveCfg = Debug|x64
		{126BD8A6-3189-4ADE-9E7D-0FD2CD962438}.Debug|x64.Build.0 = Debug|x64
		{126BD8A6-3189-4ADE-9E7D-0FD2CD962438}.Debug|x86.ActiveCfg = Debug|Win32
		{126BD8A6-3189-4ADE-9E7D-0FD2CD962438}.Debug|x86.Build.0 = Debug|Win32
		{126BD8A6-3189-4ADE-9E7D-0FD2CD962438}.Release|Any CPU.ActiveCfg = Release|x64
		{126BD8A6-3189-4ADE-9E7D-0FD2CD962438}.Release|Any CPU.Build.0 = Release|x64
		{126BD8A6-3189-4ADE-9E7D-0FD2CD962438}.Release|x64.ActiveCfg = Release|x64
		{126BD8A6-3189-4ADE-9E7D-0FD2CD962438}.Release|x64.Build.0 = Release|x64
		{126BD8A6-3189-4ADE-9E7D-0FD2CD962438}.Release|x86.ActiveCfg = Release|Win32
		{126BD8A6-3189-4ADE-9E7D-0FD2CD962438}.Release|x86.Build.0 = Release|Win32
		{13314603-AF9C-4864-B35D-8BB8AFC360C3}.Debug|Any CPU.ActiveCfg = Debug|x64
		{13314603-AF9C-4864-B35D-8BB8AFC360C3}.Debug|Any CPU.Build.0 = Debug|x64
		{13314603-AF9C-4864-B35D-8BB8AFC360C3}.Debug|x64.ActiveCfg = Debug|x64
		{13314603-AF9C-4864-B35D-8BB8AFC360C3}.Debug|x64.Build.0 = Debug|x64
		{13314603-AF9C-4864-B35D-8BB8AFC360C3}.Debug|x86.ActiveCfg = Debug|Win32
		{13314603-AF9C-4864-B35D-8BB8AFC360C3}.Debug|x86.Build.0 = Debug|Win32
		{13314603-AF9C-4864-B35D-8BB8AFC360C3}.Release|Any CPU.ActiveCfg = Release|x64
		{13314603-AF9C-4864-B35D-8BB8AFC360C3}.Release|Any CPU.Build.0 = Release|x64
		{13314603-AF9C-4864-B35D-8BB8AFC360C3}.Release|x64.ActiveCfg = Release|x64
		{13314603-AF9C-4864-B35D-8BB8AFC360C3}.Release|x64.Build.0 = Release|x64
		{13314603-AF9C-4864-B35D-8BB8AFC360C3}.Release|x86.ActiveCfg = Release|Win32
		{13314603-AF9C-4864-B35D-8BB8AFC360C3}.Release|x86.Build.0 = Release|Win32
		{F7A4CE9B-53A3-4423-B8A0-2764E6914EDB}.Debug|Any CPU.ActiveCfg = Debug|x64
		{F7A4CE9B-53A3-4423-B8A0-2764E6914EDB}.Debug|Any CPU.Build.0 = Debug|x64
		{F7A4CE9B-53A3-4423-B8A0-2764E6914EDB}.Debug|x64.ActiveCfg = Debug|x64
		{F7A4CE9B-53A3-4423-B8A0-2764E6914EDB}.Debug|x64.Build.0 = Debug|x64
		{F7A4CE9B-53A3-4423-B8A0-2764E6914EDB}.Debug|x86.ActiveCfg = Debug|Win32
		{F7A4CE9B-53A3-4423-B8A0-2764E6914EDB}.Debug|x86.Build.0 = Debug|Win32
		{F7A4CE9B-53A3-4423-B8A0-2764E6914EDB}.Release|Any CPU.ActiveCfg = Release|x64
		{F7A4CE9B-53A3-4423-B8A0-2764E6914EDB}.Release|Any CPU.Build.0 = Release|x64
		{F7A4CE9B-53A3-4423-B8A0-2764E6914EDB}.Release|x64.ActiveCfg = Release|x64
		{F7A4CE9B-53A3-4423-B8A0-2764E6914EDB}.Release|x64.Build.0 = Release|x64
		{F7A4CE9B-53A3-4423-B8A0-2764E6914EDB}.Release|x86.ActiveCfg = Release|Win32
		{F7A4CE9B-53A3-4423-B8A0-2764E6914EDB}.Release|x86.Build.0 = Release|Win32
		{DBFC42CB-337C-4213-9800-72236E89A63F}.Debug|Any CPU.ActiveCfg = Debug|Any CPU
		{DBFC42CB-337C-4213-9800-72236E89A63F}.Debug|Any CPU.Build.0 = Debug|Any CPU
		{DBFC42CB-337C-4213-9800-72236E89A63F}.Debug|x64.ActiveCfg = Debug|Any CPU
		{DBFC42CB-337C-4213-9800-72236E89A63F}.Debug|x64.Build.0 = Debug|Any CPU
		{DBFC42CB-337C-4213-9800-72236E89A63F}.Debug|x86.ActiveCfg = Debug|Any CPU
		{DBFC42CB-337C-4213-9800-72236E89A63F}.Debug|x86.Build.0 = Debug|Any CPU
		{DBFC42CB-337C-4213-9800-72236E89A63F}.Release|Any CPU.ActiveCfg = Release|Any CPU
		{DBFC42CB-337C-4213-9800-72236E89A63F}.Release|Any CPU.Build.0 = Release|Any CPU
		{DBFC42CB-337C-4213-9800-72236E89A63F}.Release|x64.ActiveCfg = Release|Any CPU
		{DBFC42CB-337C-4213-9800-72236E89A63F}.Release|x64.Build.0 = Release|Any CPU
		{DBFC42CB-337C-4213-9800-72236E89A63F}.Release|x86.ActiveCfg = Release|Any CPU
		{DBFC42CB-337C-4213-9800-72236E89A63F}.Release|x86.Build.0 = Release|Any CPU
		{7E307023-4550-4B0F-A9AF-6F5021F80A9F}.Debug|Any CPU.ActiveCfg = Debug|x64
		{7E307023-4550-4B0F-A9AF-6F5021F80A9F}.Debug|Any CPU.Build.0 = Debug|x64
		{7E307023-4550-4B0F-A9AF-6F5021F80A9F}.Debug|x64.ActiveCfg = Debug|x64
		{7E307023-4550-4B0F-A9AF-6F5021F80A9F}.Debug|x64.Build.0 = Debug|x64
		{7E307023-4550-4B0F-A9AF-6F5021F80A9F}.Debug|x86.ActiveCfg = Debug|Win32
		{7E307023-4550-4B0F-A9AF-6F5021F80A9F}.Debug|x86.Build.0 = Debug|Win32
		{7E307023-4550-4B0F-A9AF-6F5021F80A9F}.Release|Any CPU.ActiveCfg = Release|x64
		{7E307023-4550-4B0F-A9AF-6F5021F80A9F}.Release|Any CPU.Build.0 = Release|x64
		{7E307023-4550-4B0F-A9AF-6F5021F80A9F}.Release|x64.ActiveCfg = Release|x64
		{7E307023-4550-4B0F-A9AF-6F5021F80A9F}.Release|x64.Build.0 = Release|x64
		{7E307023-4550-4B0F-A9AF-6F5021F80A9F}.Release|x86.ActiveCfg = Release|Win32
		{7E307023-4550-4B0F-A9AF-6F5021F80A9F}.Release|x86.Build.0 = Release|Win32
		{25BE34D2-3DAC-45DC-A9CE-9B90E587B5AF}.Debug|Any CPU.ActiveCfg = Debug|Any CPU
		{25BE34D2-3DAC-45DC-A9CE-9B90E587B5AF}.Debug|Any CPU.Build.0 = Debug|Any CPU
		{25BE34D2-3DAC-45DC-A9CE-9B90E587B5AF}.Debug|x64.ActiveCfg = Debug|Any CPU
		{25BE34D2-3DAC-45DC-A9CE-9B90E587B5AF}.Debug|x64.Build.0 = Debug|Any CPU
		{25BE34D2-3DAC-45DC-A9CE-9B90E587B5AF}.Debug|x86.ActiveCfg = Debug|Any CPU
		{25BE34D2-3DAC-45DC-A9CE-9B90E587B5AF}.Debug|x86.Build.0 = Debug|Any CPU
		{25BE34D2-3DAC-45DC-A9CE-9B90E587B5AF}.Release|Any CPU.ActiveCfg = Release|Any CPU
		{25BE34D2-3DAC-45DC-A9CE-9B90E587B5AF}.Release|Any CPU.Build.0 = Release|Any CPU
		{25BE34D2-3DAC-45DC-A9CE-9B90E587B5AF}.Release|x64.ActiveCfg = Release|Any CPU
		{25BE34D2-3DAC-45DC-A9CE-9B90E587B5AF}.Release|x64.Build.0 = Release|Any CPU
		{25BE34D2-3DAC-45DC-A9CE-9B90E587B5AF}.Release|x86.ActiveCfg = Release|Any CPU
		{25BE34D2-3DAC-45DC-A9CE-9B90E587B5AF}.Release|x86.Build.0 = Release|Any CPU
		{1328FC40-73E3-467C-AA7B-D0FD33323961}.Debug|Any CPU.ActiveCfg = Debug|x64
		{1328FC40-73E3-467C-AA7B-D0FD33323961}.Debug|Any CPU.Build.0 = Debug|x64
		{1328FC40-73E3-467C-AA7B-D0FD33323961}.Debug|x64.ActiveCfg = Debug|x64
		{1328FC40-73E3-467C-AA7B-D0FD33323961}.Debug|x64.Build.0 = Debug|x64
		{1328FC40-73E3-467C-AA7B-D0FD33323961}.Debug|x86.ActiveCfg = Debug|Win32
		{1328FC40-73E3-467C-AA7B-D0FD33323961}.Debug|x86.Build.0 = Debug|Win32
		{1328FC40-73E3-467C-AA7B-D0FD33323961}.Release|Any CPU.ActiveCfg = Release|x64
		{1328FC40-73E3-467C-AA7B-D0FD33323961}.Release|Any CPU.Build.0 = Release|x64
		{1328FC40-73E3-467C-AA7B-D0FD33323961}.Release|x64.ActiveCfg = Release|x64
		{1328FC40-73E3-467C-AA7B-D0FD33323961}.Release|x64.Build.0 = Release|x64
		{1328FC40-73E3-467C-AA7B-D0FD33323961}.Release|x86.ActiveCfg = Release|Win32
		{1328FC40-73E3-467C-AA7B-D0FD33323961}.Release|x86.Build.0 = Release|Win32
	EndGlobalSection
	GlobalSection(SolutionProperties) = preSolution
		HideSolutionNode = FALSE
	EndGlobalSection
	GlobalSection(ExtensibilityGlobals) = postSolution
		SolutionGuid = {A324141E-F0F1-4995-82E3-6FE5BAE8B8CE}
	EndGlobalSection
EndGlobal
